
Microsoft Visual Studio Solution File, Format Version 12.00
# Visual Studio Version 17
VisualStudioVersion = 17.4.33213.308
MinimumVisualStudioVersion = 10.0.40219.1
Project("{FAE04EC0-301F-11D3-BF4B-00C04F79EFBC}") = "Week4Loops", "Week4Loops\Week4Loops.csproj", "{4BBCCBDA-4BFB-4DA0-8C5E-31D282EFCE0C}"
EndProject
Project("{FAE04EC0-301F-11D3-BF4B-00C04F79EFBC}") = "ForLoopSum", "ForLoopSum\ForLoopSum.csproj", "{F40CD11F-2A85-492C-B7D7-893EDFE3CE8B}"
EndProject
Project("{FAE04EC0-301F-11D3-BF4B-00C04F79EFBC}") = "RandomNumber", "RandomNumber\RandomNumber.csproj", "{72567A25-0CD5-44DE-8F69-F23EF5D74F50}"
EndProject
Project("{2150E333-8FDC-42A3-9474-1A3956D46DE8}") = "Solution Items", "Solution Items", "{AF70450A-CD7F-4BA4-980B-081DA8550148}"
	ProjectSection(SolutionItems) = preProject
		.editorconfig = .editorconfig
	EndProjectSection
EndProject
Project("{FAE04EC0-301F-11D3-BF4B-00C04F79EFBC}") = "WhileLoops", "WhileLoops\WhileLoops.csproj", "{A106B151-24BA-469B-B258-F9B3882E9551}"
EndProject
Global
	GlobalSection(SolutionConfigurationPlatforms) = preSolution
		Debug|Any CPU = Debug|Any CPU
		Release|Any CPU = Release|Any CPU
	EndGlobalSection
	GlobalSection(ProjectConfigurationPlatforms) = postSolution
		{4BBCCBDA-4BFB-4DA0-8C5E-31D282EFCE0C}.Debug|Any CPU.ActiveCfg = Debug|Any CPU
		{4BBCCBDA-4BFB-4DA0-8C5E-31D282EFCE0C}.Debug|Any CPU.Build.0 = Debug|Any CPU
		{4BBCCBDA-4BFB-4DA0-8C5E-31D282EFCE0C}.Release|Any CPU.ActiveCfg = Release|Any CPU
		{4BBCCBDA-4BFB-4DA0-8C5E-31D282EFCE0C}.Release|Any CPU.Build.0 = Release|Any CPU
		{F40CD11F-2A85-492C-B7D7-893EDFE3CE8B}.Debug|Any CPU.ActiveCfg = Debug|Any CPU
		{F40CD11F-2A85-492C-B7D7-893EDFE3CE8B}.Debug|Any CPU.Build.0 = Debug|Any CPU
		{F40CD11F-2A85-492C-B7D7-893EDFE3CE8B}.Release|Any CPU.ActiveCfg = Release|Any CPU
		{F40CD11F-2A85-492C-B7D7-893EDFE3CE8B}.Release|Any CPU.Build.0 = Release|Any CPU
		{72567A25-0CD5-44DE-8F69-F23EF5D74F50}.Debug|Any CPU.ActiveCfg = Debug|Any CPU
		{72567A25-0CD5-44DE-8F69-F23EF5D74F50}.Debug|Any CPU.Build.0 = Debug|Any CPU
		{72567A25-0CD5-44DE-8F69-F23EF5D74F50}.Release|Any CPU.ActiveCfg = Release|Any CPU
		{72567A25-0CD5-44DE-8F69-F23EF5D74F50}.Release|Any CPU.Build.0 = Release|Any CPU
		{A106B151-24BA-469B-B258-F9B3882E9551}.Debug|Any CPU.ActiveCfg = Debug|Any CPU
		{A106B151-24BA-469B-B258-F9B3882E9551}.Debug|Any CPU.Build.0 = Debug|Any CPU
		{A106B151-24BA-469B-B258-F9B3882E9551}.Release|Any CPU.ActiveCfg = Release|Any CPU
		{A106B151-24BA-469B-B258-F9B3882E9551}.Release|Any CPU.Build.0 = Release|Any CPU
	EndGlobalSection
	GlobalSection(SolutionProperties) = preSolution
		HideSolutionNode = FALSE
	EndGlobalSection
	GlobalSection(ExtensibilityGlobals) = postSolution
		SolutionGuid = {F5A59806-3D68-46A0-8AED-AE5E332CEA67}
	EndGlobalSection
EndGlobal
